github.com/gyozatech/noodlog v0.0.0-20211006161024-c2cd168c8400 h1:48Q83dY9XTZUoiq6fcQmXE1D6JDYnqC1196L6LCv3Uw=
github.com/gyozatech/noodlog v0.0.0-20211006161024-c2cd168c8400/go.mod h1:W1tDQeyBu7G8nnJ6u+gAyoxDfejb23k5NtRrFfUjA1E=
github.com/gyozatech/temaki v0.1.0 h1:PS81+a+WPbgUsyNF91mEajmI1xFh5tHEvU3FY3ra6Gg=
github.com/gyozatech/temaki v0.1.0/go.mod h1:0bHBpZuE495LnWohLnHGsUBaFRVM4XfCUVbpwn2rVjY=
